
Microsoft Visual Studio Solution File, Format Version 12.00
# Visual Studio Version 16
VisualStudioVersion = 16.0.31005.135
MinimumVisualStudioVersion = 10.0.40219.1
Project("{FAE04EC0-301F-11D3-BF4B-00C04F79EFBC}") = "PartyInvites", "PartyInvites\PartyInvites.csproj", "{96BC4699-66F5-4E55-B173-8644E783B346}"
EndProject
Global
	GlobalSection(SolutionConfigurationPlatforms) = preSolution
		Debug|Any CPU = Debug|Any CPU
		Release|Any CPU = Release|Any CPU
	EndGlobalSection
	GlobalSection(ProjectConfigurationPlatforms) = postSolution
		{96BC4699-66F5-4E55-B173-8644E783B346}.Debug|Any CPU.ActiveCfg = Debug|Any CPU
		{96BC4699-66F5-4E55-B173-8644E783B346}.Debug|Any CPU.Build.0 = Debug|Any CPU
		{96BC4699-66F5-4E55-B173-8644E783B346}.Release|Any CPU.ActiveCfg = Release|Any CPU
		{96BC4699-66F5-4E55-B173-8644E783B346}.Release|Any CPU.Build.0 = Release|Any CPU
	EndGlobalSection
	GlobalSection(SolutionProperties) = preSolution
		HideSolutionNode = FALSE
	EndGlobalSection
	GlobalSection(ExtensibilityGlobals) = postSolution
		SolutionGuid = {335E47A3-6604-46B6-83D3-C5EB443E43DF}
	EndGlobalSection
EndGlobal
